{
  "nodes": {
    "hjem": {
      "inputs": {
        "nixpkgs": "nixpkgs"
      },
      "locked": {
        "lastModified": 1735415443,
        "narHash": "sha256-t/OSIIGVflXP70kQieq72x+zhLVYfMejRopPgOZnV0s=",
        "owner": "feel-co",
        "repo": "hjem",
        "rev": "2979f66c4a1e6f662e4cb7fa9e20b9a6609919f9",
        "type": "github"
      },
      "original": {
        "owner": "feel-co",
        "repo": "hjem",
        "type": "github"
      }
    },
    "nixpkgs": {
      "locked": {
        "lastModified": 1733940404,
        "narHash": "sha256-Pj39hSoUA86ZePPF/UXiYHHM7hMIkios8TYG29kQT4g=",
        "owner": "nixos",
        "repo": "nixpkgs",
        "rev": "5d67ea6b4b63378b9c13be21e2ec9d1afc921713",
        "type": "github"
      },
      "original": {
        "owner": "nixos",
        "ref": "nixos-unstable",
        "repo": "nixpkgs",
        "type": "github"
      }
    },
    "root": {
      "inputs": {
        "hjem": "hjem"
      }
    }
  },
  "root": "root",
  "version": 7
}
